
Microsoft Visual Studio Solution File, Format Version 12.00
# Visual Studio Version 16
VisualStudioVersion = 16.0.31205.134
MinimumVisualStudioVersion = 10.0.40219.1
Project("{FAE04EC0-301F-11D3-BF4B-00C04F79EFBC}") = "WeeBot", "WeeBot\WeeBot.csproj", "{A69229A0-9478-4F07-BC35-50BF60E8F71C}"
EndProject
Global
	GlobalSection(SolutionConfigurationPlatforms) = preSolution
		Debug|Any CPU = Debug|Any CPU
		Release|Any CPU = Release|Any CPU
	EndGlobalSection
	GlobalSection(ProjectConfigurationPlatforms) = postSolution
		{A69229A0-9478-4F07-BC35-50BF60E8F71C}.Debug|Any CPU.ActiveCfg = Debug|Any CPU
		{A69229A0-9478-4F07-BC35-50BF60E8F71C}.Debug|Any CPU.Build.0 = Debug|Any CPU
		{A69229A0-9478-4F07-BC35-50BF60E8F71C}.Release|Any CPU.ActiveCfg = Release|Any CPU
		{A69229A0-9478-4F07-BC35-50BF60E8F71C}.Release|Any CPU.Build.0 = Release|Any CPU
	EndGlobalSection
	GlobalSection(SolutionProperties) = preSolution
		HideSolutionNode = FALSE
	EndGlobalSection
	GlobalSection(ExtensibilityGlobals) = postSolution
		SolutionGuid = {5868D157-4648-4590-AEAB-7B9880C2D835}
	EndGlobalSection
EndGlobal
